<Solution>
  <Folder Name="/.github/">
    <File Path=".github/renovate.json" />
  </Folder>
  <Folder Name="/.github/workflows/">
    <File Path=".github/workflows/build-and-test.yml" />
    <File Path=".github/workflows/codeql.yml" />
    <File Path=".github/workflows/publish-package.yml" />
  </Folder>
  <Folder Name="/src/">
    <Project Path="src/Soenneker.Gen.Razor.ImageOptimizer.Webp/Soenneker.Gen.Razor.ImageOptimizer.Webp.csproj" />
    <Project Path="src/Soenneker.Gen.Razor.ImageOptimizer.Webp.BuildTasks/Soenneker.Gen.Razor.ImageOptimizer.Webp.BuildTasks.csproj" />
  </Folder>
  <Folder Name="/test/">
    <Project Path="test/Soenneker.Gen.Razor.ImageOptimizer.Webp.Tests/Soenneker.Gen.Razor.ImageOptimizer.Webp.Tests.csproj" />
  </Folder>
</Solution>
